github.com/ariary/go-utils v1.0.16 h1:kNyr1uGbog9aqBS8Uth1AZSfeNR4Hgv1O8UXDpnomfs=
github.com/ariary/go-utils v1.0.16/go.mod h1:3gpTQLFaOsiZkHnCOAadPiY75nnETNYG7vOq5/o9vRk=
github.com/ariary/quicli v1.6.0 h1:E8Aq1eOPWStG4GFfgNXyXwjph/XfA8FjB87Z6wwXIiw=
github.com/ariary/quicli v1.6.0/go.mod h1:OVxZhF0uABiZ34C/XssxVNdadl4rBpH985XyULOf2Mc=
golang.org/x/sys v0.43.0 h1:Rlag2XtaFTxp19wS8MXlJwTvoh8ArU6ezoyFsMyCTNI=
golang.org/x/sys v0.43.0/go.mod h1:4GL1E5IUh+htKOUEOaiffhrAeqysfVGipDYzABqnCmw=
golang.org/x/term v0.42.0 h1:UiKe+zDFmJobeJ5ggPwOshJIVt6/Ft0rcfrXZDLWAWY=
golang.org/x/term v0.42.0/go.mod h1:Dq/D+snpsbazcBG5+F9Q1n2rXV8Ma+71xEjTRufARgY=
gopkg.in/check.v1 v0.0.0-20161208181325-20d25e280405 h1:yhCVgyC4o1eVCa2tZl7eS0r+SDo693bJlVdllGtEeKM=
gopkg.in/check.v1 v0.0.0-20161208181325-20d25e280405/go.mod h1:Co6ibVJAznAaIkqp8huTwlJQCZ016jof/cbN4VW5Yz0=
gopkg.in/yaml.v3 v3.0.1 h1:fxVm/GzAzEWqLHuvctI91KS9hhNmmWOoWu0XTYJS7CA=
gopkg.in/yaml.v3 v3.0.1/go.mod h1:K4uyk7z7BCEPqu6E+C64Yfv1cQ7kz7rIZviUmN+EgEM=
